
Microsoft Visual Studio Solution File, Format Version 12.00
# Visual Studio 15
VisualStudioVersion = 15.0.26730.12
MinimumVisualStudioVersion = 10.0.40219.1
Project("{FAE04EC0-301F-11D3-BF4B-00C04F79EFBC}") = "BasicUsage", "BasicUsage\BasicUsage.csproj", "{565488DE-90CE-4397-9EF8-3823F02A4EBF}"
EndProject
Global
	GlobalSection(SolutionConfigurationPlatforms) = preSolution
		Debug|Any CPU = Debug|Any CPU
		Release|Any CPU = Release|Any CPU
	EndGlobalSection
	GlobalSection(ProjectConfigurationPlatforms) = postSolution
		{565488DE-90CE-4397-9EF8-3823F02A4EBF}.Debug|Any CPU.ActiveCfg = Debug|Any CPU
		{565488DE-90CE-4397-9EF8-3823F02A4EBF}.Debug|Any CPU.Build.0 = Debug|Any CPU
		{565488DE-90CE-4397-9EF8-3823F02A4EBF}.Release|Any CPU.ActiveCfg = Release|Any CPU
		{565488DE-90CE-4397-9EF8-3823F02A4EBF}.Release|Any CPU.Build.0 = Release|Any CPU
	EndGlobalSection
	GlobalSection(SolutionProperties) = preSolution
		HideSolutionNode = FALSE
	EndGlobalSection
	GlobalSection(ExtensibilityGlobals) = postSolution
		SolutionGuid = {E791222A-FF28-41C7-B615-0E17EE5C834C}
	EndGlobalSection
EndGlobal
